
Microsoft Visual Studio Solution File, Format Version 12.00
# Visual Studio Version 16
VisualStudioVersion = 16.0.29123.88
MinimumVisualStudioVersion = 10.0.40219.1
Project("{FAE04EC0-301F-11D3-BF4B-00C04F79EFBC}") = "DeltaForth", "DeltaForth/DeltaForth.csproj", "{01CAB14F-8EB2-4ED7-BC49-7D66B336FBFF}"
EndProject
Global
	GlobalSection(SolutionConfigurationPlatforms) = preSolution
		Debug|Any CPU = Debug|Any CPU
		Release|Any CPU = Release|Any CPU
	EndGlobalSection
	GlobalSection(ProjectConfigurationPlatforms) = postSolution
		{01CAB14F-8EB2-4ED7-BC49-7D66B336FBFF}.Debug|Any CPU.ActiveCfg = Debug|Any CPU
		{01CAB14F-8EB2-4ED7-BC49-7D66B336FBFF}.Debug|Any CPU.Build.0 = Debug|Any CPU
		{01CAB14F-8EB2-4ED7-BC49-7D66B336FBFF}.Release|Any CPU.ActiveCfg = Release|Any CPU
		{01CAB14F-8EB2-4ED7-BC49-7D66B336FBFF}.Release|Any CPU.Build.0 = Release|Any CPU
	EndGlobalSection
	GlobalSection(SolutionProperties) = preSolution
		HideSolutionNode = FALSE
	EndGlobalSection
	GlobalSection(ExtensibilityGlobals) = postSolution
		SolutionGuid = {234170B7-3265-43C5-BD07-159324DE7D7C}
	EndGlobalSection
EndGlobal
